
Microsoft Visual Studio Solution File, Format Version 12.00
# Visual Studio Version 17
VisualStudioVersion = 17.10.34916.146
MinimumVisualStudioVersion = 10.0.40219.1
Project("{2150E333-8FDC-42A3-9474-1A3956D46DE8}") = "src", "src", "{55872920-D788-4922-AAA5-BEB58BCBEEB3}"
EndProject
Project("{2150E333-8FDC-42A3-9474-1A3956D46DE8}") = "documentation", "documentation", "{6AE431C4-2FED-49DA-AECE-60A2B9CA67AF}"
EndProject
Project("{2150E333-8FDC-42A3-9474-1A3956D46DE8}") = "Authorization", "Authorization", "{63835587-9D11-4630-8BE5-FE7B93267673}"
EndProject
Project("{2150E333-8FDC-42A3-9474-1A3956D46DE8}") = "Api", "Api", "{A6C13302-5EE1-422A-A530-38DB64DBD3E8}"
EndProject
Project("{FAE04EC0-301F-11D3-BF4B-00C04F79EFBC}") = "PNetwork.Authorization.Api", "src\Authorization\Api\PNetwork.Authorization.Api\PNetwork.Authorization.Api.csproj", "{941DEAB2-D0BF-4090-8EEE-CF5C19593EEA}"
EndProject
Global
	GlobalSection(SolutionConfigurationPlatforms) = preSolution
		Debug|Any CPU = Debug|Any CPU
		Release|Any CPU = Release|Any CPU
	EndGlobalSection
	GlobalSection(ProjectConfigurationPlatforms) = postSolution
		{941DEAB2-D0BF-4090-8EEE-CF5C19593EEA}.Debug|Any CPU.ActiveCfg = Debug|Any CPU
		{941DEAB2-D0BF-4090-8EEE-CF5C19593EEA}.Debug|Any CPU.Build.0 = Debug|Any CPU
		{941DEAB2-D0BF-4090-8EEE-CF5C19593EEA}.Release|Any CPU.ActiveCfg = Release|Any CPU
		{941DEAB2-D0BF-4090-8EEE-CF5C19593EEA}.Release|Any CPU.Build.0 = Release|Any CPU
	EndGlobalSection
	GlobalSection(SolutionProperties) = preSolution
		HideSolutionNode = FALSE
	EndGlobalSection
	GlobalSection(NestedProjects) = preSolution
		{63835587-9D11-4630-8BE5-FE7B93267673} = {55872920-D788-4922-AAA5-BEB58BCBEEB3}
		{A6C13302-5EE1-422A-A530-38DB64DBD3E8} = {63835587-9D11-4630-8BE5-FE7B93267673}
		{941DEAB2-D0BF-4090-8EEE-CF5C19593EEA} = {A6C13302-5EE1-422A-A530-38DB64DBD3E8}
	EndGlobalSection
	GlobalSection(ExtensibilityGlobals) = postSolution
		SolutionGuid = {E1A8C3E2-35E9-4335-A516-D6820040EB49}
	EndGlobalSection
EndGlobal
